// !$*UTF8*$!
{
	archiveVersion = 1;
	classes = {
	};
	objectVersion = 46;
	objects = {

/* Begin PBXBuildFile section */
		81CC0F5F202507B500AD7FAB /* ContactUs.swift in Sources */ = {isa = PBXBuildFile; fileRef = 81CC0F5E202507B500AD7FAB /* ContactUs.swift */; };
		81D2949D2024B6AD0053E632 /* SWRevealViewController.m in Sources */ = {isa = PBXBuildFile; fileRef = 81D2949C2024B6AD0053E632 /* SWRevealViewController.m */; };
		81D2949F2024B7390053E632 /* SideMenu.swift in Sources */ = {isa = PBXBuildFile; fileRef = 81D2949E2024B7390053E632 /* SideMenu.swift */; };
		81D294A12024DC760053E632 /* Reservation.swift in Sources */ = {isa = PBXBuildFile; fileRef = 81D294A02024DC760053E632 /* Reservation.swift */; };
		81D294A52024E2210053E632 /* MyCell.swift in Sources */ = {isa = PBXBuildFile; fileRef = 81D294A42024E2210053E632 /* MyCell.swift */; };
		81D294A72024F18A0053E632 /* About.swift in Sources */ = {isa = PBXBuildFile; fileRef = 81D294A62024F18A0053E632 /* About.swift */; };
		81E8819E202499AD00974561 /* Profile.swift in Sources */ = {isa = PBXBuildFile; fileRef = 81E8819D202499AD00974561 /* Profile.swift */; };
		81EE12872023389C00659466 /* AppDelegate.swift in Sources */ = {isa = PBXBuildFile; fileRef = 81EE12862023389C00659466 /* AppDelegate.swift */; };
		81EE12892023389C00659466 /* ViewController.swift in Sources */ = {isa = PBXBuildFile; fileRef = 81EE12882023389C00659466 /* ViewController.swift */; };
		81EE128C2023389C00659466 /* Main.storyboard in Resources */ = {isa = PBXBuildFile; fileRef = 81EE128A2023389C00659466 /* Main.storyboard */; };
		81EE128E2023389C00659466 /* Assets.xcassets in Resources */ = {isa = PBXBuildFile; fileRef = 81EE128D2023389C00659466 /* Assets.xcassets */; };
		81EE12912023389C00659466 /* LaunchScreen.storyboard in Resources */ = {isa = PBXBuildFile; fileRef = 81EE128F2023389C00659466 /* LaunchScreen.storyboard */; };
		81EE129C2023389C00659466 /* WaterComTests.swift in Sources */ = {isa = PBXBuildFile; fileRef = 81EE129B2023389C00659466 /* WaterComTests.swift */; };
		81EE12A72023389C00659466 /* WaterComUITests.swift in Sources */ = {isa = PBXBuildFile; fileRef = 81EE12A62023389C00659466 /* WaterComUITests.swift */; };
		81EE12B7202391CF00659466 /* PersonViewController.swift in Sources */ = {isa = PBXBuildFile; fileRef = 81EE12B6202391CF00659466 /* PersonViewController.swift */; };
/* End PBXBuildFile section */

/* Begin PBXContainerItemProxy section */
		81EE12982023389C00659466 /* PBXContainerItemProxy */ = {
			isa = PBXContainerItemProxy;
			containerPortal = 81EE127B2023389C00659466 /* Project object */;
			proxyType = 1;
			remoteGlobalIDString = 81EE12822023389C00659466;
			remoteInfo = WaterCom;
		};
		81EE12A32023389C00659466 /* PBXContainerItemProxy */ = {
			isa = PBXContainerItemProxy;
			containerPortal = 81EE127B2023389C00659466 /* Project object */;
			proxyType = 1;
			remoteGlobalIDString = 81EE12822023389C00659466;
			remoteInfo = WaterCom;
		};
/* End PBXContainerItemProxy section */

/* Begin PBXFileReference section */
		81CC0F5E202507B500AD7FAB /* ContactUs.swift */ = {isa = PBXFileReference; fileEncoding = 4; lastKnownFileType = sourcecode.swift; path = ContactUs.swift; sourceTree = "<group>"; };
		81D2949A2024B6AC0053E632 /* WaterCom-Bridging-Header.h */ = {isa = PBXFileReference; lastKnownFileType = sourcecode.c.h; path = "WaterCom-Bridging-Header.h"; sourceTree = "<group>"; };
		81D2949B2024B6AD0053E632 /* SWRevealViewController.h */ = {isa = PBXFileReference; fileEncoding = 4; lastKnownFileType = sourcecode.c.h; path = SWRevealViewController.h; sourceTree = "<group>"; };
		81D2949C2024B6AD0053E632 /* SWRevealViewController.m */ = {isa = PBXFileReference; fileEncoding = 4; lastKnownFileType = sourcecode.c.objc; path = SWRevealViewController.m; sourceTree = "<group>"; };
		81D2949E2024B7390053E632 /* SideMenu.swift */ = {isa = PBXFileReference; fileEncoding = 4; lastKnownFileType = sourcecode.swift; path = SideMenu.swift; sourceTree = "<group>"; };
		81D294A02024DC760053E632 /* Reservation.swift */ = {isa = PBXFileReference; fileEncoding = 4; lastKnownFileType = sourcecode.swift; path = Reservation.swift; sourceTree = "<group>"; };
		81D294A42024E2210053E632 /* MyCell.swift */ = {isa = PBXFileReference; fileEncoding = 4; lastKnownFileType = sourcecode.swift; path = MyCell.swift; sourceTree = "<group>"; };
		81D294A62024F18A0053E632 /* About.swift */ = {isa = PBXFileReference; fileEncoding = 4; lastKnownFileType = sourcecode.swift; path = About.swift; sourceTree = "<group>"; };
		81E8819D202499AD00974561 /* Profile.swift */ = {isa = PBXFileReference; fileEncoding = 4; lastKnownFileType = sourcecode.swift; path = Profile.swift; sourceTree = "<group>"; };
		81EE12832023389C00659466 /* WaterCom.app */ = {isa = PBXFileReference; explicitFileType = wrapper.application; includeInIndex = 0; path = WaterCom.app; sourceTree = BUILT_PRODUCTS_DIR; };
		81EE12862023389C00659466 /* AppDelegate.swift */ = {isa = PBXFileReference; lastKnownFileType = sourcecode.swift; path = AppDelegate.swift; sourceTree = "<group>"; };
		81EE12882023389C00659466 /* ViewController.swift */ = {isa = PBXFileReference; lastKnownFileType = sourcecode.swift; path = ViewController.swift; sourceTree = "<group>"; };
		81EE128B2023389C00659466 /* Base */ = {isa = PBXFileReference; lastKnownFileType = file.storyboard; name = Base; path = Base.lproj/Main.storyboard; sourceTree = "<group>"; };
		81EE128D2023389C00659466 /* Assets.xcassets */ = {isa = PBXFileReference; lastKnownFileType = folder.assetcatalog; path = Assets.xcassets; sourceTree = "<group>"; };
		81EE12902023389C00659466 /* Base */ = {isa = PBXFileReference; lastKnownFileType = file.storyboard; name = Base; path = Base.lproj/LaunchScreen.storyboard; sourceTree = "<group>"; };
		81EE12922023389C00659466 /* Info.plist */ = {isa = PBXFileReference; lastKnownFileType = text.plist.xml; path = Info.plist; sourceTree = "<group>"; };
		81EE12972023389C00659466 /* WaterComTests.xctest */ = {isa = PBXFileReference; explicitFileType = wrapper.cfbundle; includeInIndex = 0; path = WaterComTests.xctest; sourceTree = BUILT_PRODUCTS_DIR; };
		81EE129B2023389C00659466 /* WaterComTests.swift */ = {isa = PBXFileReference; lastKnownFileType = sourcecode.swift; path = WaterComTests.swift; sourceTree = "<group>"; };
		81EE129D2023389C00659466 /* Info.plist */ = {isa = PBXFileReference; lastKnownFileType = text.plist.xml; path = Info.plist; sourceTree = "<group>"; };
		81EE12A22023389C00659466 /* WaterComUITests.xctest */ = {isa = PBXFileReference; explicitFileType = wrapper.cfbundle; includeInIndex = 0; path = WaterComUITests.xctest; sourceTree = BUILT_PRODUCTS_DIR; };
		81EE12A62023389C00659466 /* WaterComUITests.swift */ = {isa = PBXFileReference; lastKnownFileType = sourcecode.swift; path = WaterComUITests.swift; sourceTree = "<group>"; };
		81EE12A82023389C00659466 /* Info.plist */ = {isa = PBXFileReference; lastKnownFileType = text.plist.xml; path = Info.plist; sourceTree = "<group>"; };
		81EE12B6202391CF00659466 /* PersonViewController.swift */ = {isa = PBXFileReference; fileEncoding = 4; lastKnownFileType = sourcecode.swift; path = PersonViewController.swift; sourceTree = "<group>"; };
/* End PBXFileReference section */

/* Begin PBXFrameworksBuildPhase section */
		81EE12802023389C00659466 /* Frameworks */ = {
			isa = PBXFrameworksBuildPhase;
			buildActionMask = 2147483647;
			files = (
			);
			runOnlyForDeploymentPostprocessing = 0;
		};
		81EE12942023389C00659466 /* Frameworks */ = {
			isa = PBXFrameworksBuildPhase;
			buildActionMask = 2147483647;
			files = (
			);
			runOnlyForDeploymentPostprocessing = 0;
		};
		81EE129F2023389C00659466 /* Frameworks */ = {
			isa = PBXFrameworksBuildPhase;
			buildActionMask = 2147483647;
			files = (
			);
			runOnlyForDeploymentPostprocessing = 0;
		};
/* End PBXFrameworksBuildPhase section */

/* Begin PBXGroup section */
		81E8819C2024976A00974561 /* sideMenu */ = {
			isa = PBXGroup;
			children = (
				81D2949B2024B6AD0053E632 /* SWRevealViewController.h */,
				81D2949C2024B6AD0053E632 /* SWRevealViewController.m */,
				81E8819D202499AD00974561 /* Profile.swift */,
				81D2949A2024B6AC0053E632 /* WaterCom-Bridging-Header.h */,
				81D2949E2024B7390053E632 /* SideMenu.swift */,
				81D294A02024DC760053E632 /* Reservation.swift */,
				81D294A42024E2210053E632 /* MyCell.swift */,
				81D294A62024F18A0053E632 /* About.swift */,
				81CC0F5E202507B500AD7FAB /* ContactUs.swift */,
			);
			name = sideMenu;
			sourceTree = "<group>";
		};
		81EE127A2023389C00659466 = {
			isa = PBXGroup;
			children = (
				81EE12852023389C00659466 /* WaterCom */,
				81EE129A2023389C00659466 /* WaterComTests */,
				81EE12A52023389C00659466 /* WaterComUITests */,
				81EE12842023389C00659466 /* Products */,
			);
			sourceTree = "<group>";
		};
		81EE12842023389C00659466 /* Products */ = {
			isa = PBXGroup;
			children = (
				81EE12832023389C00659466 /* WaterCom.app */,
				81EE12972023389C00659466 /* WaterComTests.xctest */,
				81EE12A22023389C00659466 /* WaterComUITests.xctest */,
			);
			name = Products;
			sourceTree = "<group>";
		};
		81EE12852023389C00659466 /* WaterCom */ = {
			isa = PBXGroup;
			children = (
				81E8819C2024976A00974561 /* sideMenu */,
				81EE12862023389C00659466 /* AppDelegate.swift */,
				81EE12882023389C00659466 /* ViewController.swift */,
				81EE12B6202391CF00659466 /* PersonViewController.swift */,
				81EE128A2023389C00659466 /* Main.storyboard */,
				81EE128D2023389C00659466 /* Assets.xcassets */,
				81EE128F2023389C00659466 /* LaunchScreen.storyboard */,
				81EE12922023389C00659466 /* Info.plist */,
			);
			path = WaterCom;
			sourceTree = "<group>";
		};
		81EE129A2023389C00659466 /* WaterComTests */ = {
			isa = PBXGroup;
			children = (
				81EE129B2023389C00659466 /* WaterComTests.swift */,
				81EE129D2023389C00659466 /* Info.plist */,
			);
			path = WaterComTests;
			sourceTree = "<group>";
		};
		81EE12A52023389C00659466 /* WaterComUITests */ = {
			isa = PBXGroup;
			children = (
				81EE12A62023389C00659466 /* WaterComUITests.swift */,
				81EE12A82023389C00659466 /* Info.plist */,
			);
			path = WaterComUITests;
			sourceTree = "<group>";
		};
/* End PBXGroup section */

/* Begin PBXNativeTarget section */
		81EE12822023389C00659466 /* WaterCom */ = {
			isa = PBXNativeTarget;
			buildConfigurationList = 81EE12AB2023389C00659466 /* Build configuration list for PBXNativeTarget "WaterCom" */;
			buildPhases = (
				81EE127F2023389C00659466 /* Sources */,
				81EE12802023389C00659466 /* Frameworks */,
				81EE12812023389C00659466 /* Resources */,
			);
			buildRules = (
			);
			dependencies = (
			);
			name = WaterCom;
			productName = WaterCom;
			productReference = 81EE12832023389C00659466 /* WaterCom.app */;
			productType = "com.apple.product-type.application";
		};
		81EE12962023389C00659466 /* WaterComTests */ = {
			isa = PBXNativeTarget;
			buildConfigurationList = 81EE12AE2023389C00659466 /* Build configuration list for PBXNativeTarget "WaterComTests" */;
			buildPhases = (
				81EE12932023389C00659466 /* Sources */,
				81EE12942023389C00659466 /* Frameworks */,
				81EE12952023389C00659466 /* Resources */,
			);
			buildRules = (
			);
			dependencies = (
				81EE12992023389C00659466 /* PBXTargetDependency */,
			);
			name = WaterComTests;
			productName = WaterComTests;
			productReference = 81EE12972023389C00659466 /* WaterComTests.xctest */;
			productType = "com.apple.product-type.bundle.unit-test";
		};
		81EE12A12023389C00659466 /* WaterComUITests */ = {
			isa = PBXNativeTarget;
			buildConfigurationList = 81EE12B12023389C00659466 /* Build configuration list for PBXNativeTarget "WaterComUITests" */;
			buildPhases = (
				81EE129E2023389C00659466 /* Sources */,
				81EE129F2023389C00659466 /* Frameworks */,
				81EE12A02023389C00659466 /* Resources */,
			);
			buildRules = (
			);
			dependencies = (
				81EE12A42023389C00659466 /* PBXTargetDependency */,
			);
			name = WaterComUITests;
			productName = WaterComUITests;
			productReference = 81EE12A22023389C00659466 /* WaterComUITests.xctest */;
			productType = "com.apple.product-type.bundle.ui-testing";
		};
/* End PBXNativeTarget section */

/* Begin PBXProject section */
		81EE127B2023389C00659466 /* Project object */ = {
			isa = PBXProject;
			attributes = {
				LastSwiftUpdateCheck = 0830;
				LastUpgradeCheck = 0830;
				ORGANIZATIONNAME = "Mohamed Eshawy";
				TargetAttributes = {
					81EE12822023389C00659466 = {
						CreatedOnToolsVersion = 8.3.3;
						LastSwiftMigration = 0830;
						ProvisioningStyle = Automatic;
					};
					81EE12962023389C00659466 = {
						CreatedOnToolsVersion = 8.3.3;
						ProvisioningStyle = Automatic;
						TestTargetID = 81EE12822023389C00659466;
					};
					81EE12A12023389C00659466 = {
						CreatedOnToolsVersion = 8.3.3;
						ProvisioningStyle = Automatic;
						TestTargetID = 81EE12822023389C00659466;
					};
				};
			};
			buildConfigurationList = 81EE127E2023389C00659466 /* Build configuration list for PBXProject "WaterCom" */;
			compatibilityVersion = "Xcode 3.2";
			developmentRegion = English;
			hasScannedForEncodings = 0;
			knownRegions = (
				en,
				Base,
			);
			mainGroup = 81EE127A2023389C00659466;
			productRefGroup = 81EE12842023389C00659466 /* Products */;
			projectDirPath = "";
			projectRoot = "";
			targets = (
				81EE12822023389C00659466 /* WaterCom */,
				81EE12962023389C00659466 /* WaterComTests */,
				81EE12A12023389C00659466 /* WaterComUITests */,
			);
		};
/* End PBXProject section */

/* Begin PBXResourcesBuildPhase section */
		81EE12812023389C00659466 /* Resources */ = {
			isa = PBXResourcesBuildPhase;
			buildActionMask = 2147483647;
			files = (
				81EE12912023389C00659466 /* LaunchScreen.storyboard in Resources */,
				81EE128E2023389C00659466 /* Assets.xcassets in Resources */,
				81EE128C2023389C00659466 /* Main.storyboard in Resources */,
			);
			runOnlyForDeploymentPostprocessing = 0;
		};
		81EE12952023389C00659466 /* Resources */ = {
			isa = PBXResourcesBuildPhase;
			buildActionMask = 2147483647;
			files = (
			);
			runOnlyForDeploymentPostprocessing = 0;
		};
		81EE12A02023389C00659466 /* Resources */ = {
			isa = PBXResourcesBuildPhase;
			buildActionMask = 2147483647;
			files = (
			);
			runOnlyForDeploymentPostprocessing = 0;
		};
/* End PBXResourcesBuildPhase section */

/* Begin PBXSourcesBuildPhase section */
		81EE127F2023389C00659466 /* Sources */ = {
			isa = PBXSourcesBuildPhase;
			buildActionMask = 2147483647;
			files = (
				81CC0F5F202507B500AD7FAB /* ContactUs.swift in Sources */,
				81EE12892023389C00659466 /* ViewController.swift in Sources */,
				81E8819E202499AD00974561 /* Profile.swift in Sources */,
				81D2949D2024B6AD0053E632 /* SWRevealViewController.m in Sources */,
				81D2949F2024B7390053E632 /* SideMenu.swift in Sources */,
				81EE12B7202391CF00659466 /* PersonViewController.swift in Sources */,
				81D294A52024E2210053E632 /* MyCell.swift in Sources */,
				81D294A12024DC760053E632 /* Reservation.swift in Sources */,
				81D294A72024F18A0053E632 /* About.swift in Sources */,
				81EE12872023389C00659466 /* AppDelegate.swift in Sources */,
			);
			runOnlyForDeploymentPostprocessing = 0;
		};
		81EE12932023389C00659466 /* Sources */ = {
			isa = PBXSourcesBuildPhase;
			buildActionMask = 2147483647;
			files = (
				81EE129C2023389C00659466 /* WaterComTests.swift in Sources */,
			);
			runOnlyForDeploymentPostprocessing = 0;
		};
		81EE129E2023389C00659466 /* Sources */ = {
			isa = PBXSourcesBuildPhase;
			buildActionMask = 2147483647;
			files = (
				81EE12A72023389C00659466 /* WaterComUITests.swift in Sources */,
			);
			runOnlyForDeploymentPostprocessing = 0;
		};
/* End PBXSourcesBuildPhase section */

/* Begin PBXTargetDependency section */
		81EE12992023389C00659466 /* PBXTargetDependency */ = {
			isa = PBXTargetDependency;
			target = 81EE12822023389C00659466 /* WaterCom */;
			targetProxy = 81EE12982023389C00659466 /* PBXContainerItemProxy */;
		};
		81EE12A42023389C00659466 /* PBXTargetDependency */ = {
			isa = PBXTargetDependency;
			target = 81EE12822023389C00659466 /* WaterCom */;
			targetProxy = 81EE12A32023389C00659466 /* PBXContainerItemProxy */;
		};
/* End PBXTargetDependency section */

/* Begin PBXVariantGroup section */
		81EE128A2023389C00659466 /* Main.storyboard */ = {
			isa = PBXVariantGroup;
			children = (
				81EE128B2023389C00659466 /* Base */,
			);
			name = Main.storyboard;
			sourceTree = "<group>";
		};
		81EE128F2023389C00659466 /* LaunchScreen.storyboard */ = {
			isa = PBXVariantGroup;
			children = (
				81EE12902023389C00659466 /* Base */,
			);
			name = LaunchScreen.storyboard;
			sourceTree = "<group>";
		};
/* End PBXVariantGroup section */

/* Begin XCBuildConfiguration section */
		81EE12A92023389C00659466 /* Debug */ = {
			isa = XCBuildConfiguration;
			buildSettings = {
				ALWAYS_SEARCH_USER_PATHS = NO;
				CLANG_ANALYZER_NONNULL = YES;
				CLANG_ANALYZER_NUMBER_OBJECT_CONVERSION = YES_AGGRESSIVE;
				CLANG_CXX_LANGUAGE_STANDARD = "gnu++0x";
				CLANG_CXX_LIBRARY = "libc++";
				CLANG_ENABLE_MODULES = YES;
				CLANG_ENABLE_OBJC_ARC = YES;
				CLANG_WARN_BOOL_CONVERSION = YES;
				CLANG_WARN_CONSTANT_CONVERSION = YES;
				CLANG_WARN_DIRECT_OBJC_ISA_USAGE = YES_ERROR;
				CLANG_WARN_DOCUMENTATION_COMMENTS = YES;
				CLANG_WARN_EMPTY_BODY = YES;
				CLANG_WARN_ENUM_CONVERSION = YES;
				CLANG_WARN_INFINITE_RECURSION = YES;
				CLANG_WARN_INT_CONVERSION = YES;
				CLANG_WARN_OBJC_ROOT_CLASS = YES_ERROR;
				CLANG_WARN_SUSPICIOUS_MOVE = YES;
				CLANG_WARN_UNREACHABLE_CODE = YES;
				CLANG_WARN__DUPLICATE_METHOD_MATCH = YES;
				"CODE_SIGN_IDENTITY[sdk=iphoneos*]" = "iPhone Developer";
				COPY_PHASE_STRIP = NO;
				DEBUG_INFORMATION_FORMAT = dwarf;
				ENABLE_STRICT_OBJC_MSGSEND = YES;
				ENABLE_TESTABILITY = YES;
				GCC_C_LANGUAGE_STANDARD = gnu99;
				GCC_DYNAMIC_NO_PIC = NO;
				GCC_NO_COMMON_BLOCKS = YES;
				GCC_OPTIMIZATION_LEVEL = 0;
				GCC_PREPROCESSOR_DEFINITIONS = (
					"DEBUG=1",
					"$(inherited)",
				);
				GCC_WARN_64_TO_32_BIT_CONVERSION = YES;
				GCC_WARN_ABOUT_RETURN_TYPE = YES_ERROR;
				GCC_WARN_UNDECLARED_SELECTOR = YES;
				GCC_WARN_UNINITIALIZED_AUTOS = YES_AGGRESSIVE;
				GCC_WARN_UNUSED_FUNCTION = YES;
				GCC_WARN_UNUSED_VARIABLE = YES;
				IPHONEOS_DEPLOYMENT_TARGET = 10.3;
				MTL_ENABLE_DEBUG_INFO = YES;
				ONLY_ACTIVE_ARCH = YES;
				SDKROOT = iphoneos;
				SWIFT_ACTIVE_COMPILATION_CONDITIONS = DEBUG;
				SWIFT_OPTIMIZATION_LEVEL = "-Onone";
				TARGETED_DEVICE_FAMILY = "1,2";
			};
			name = Debug;
		};
		81EE12AA2023389C00659466 /* Release */ = {
			isa = XCBuildConfiguration;
			buildSettings = {
				ALWAYS_SEARCH_USER_PATHS = NO;
				CLANG_ANALYZER_NONNULL = YES;
				CLANG_ANALYZER_NUMBER_OBJECT_CONVERSION = YES_AGGRESSIVE;
				CLANG_CXX_LANGUAGE_STANDARD = "gnu++0x";
				CLANG_CXX_LIBRARY = "libc++";
				CLANG_ENABLE_MODULES = YES;
				CLANG_ENABLE_OBJC_ARC = YES;
				CLANG_WARN_BOOL_CONVERSION = YES;
				CLANG_WARN_CONSTANT_CONVERSION = YES;
				CLANG_WARN_DIRECT_OBJC_ISA_USAGE = YES_ERROR;
				CLANG_WARN_DOCUMENTATION_COMMENTS = YES;
				CLANG_WARN_EMPTY_BODY = YES;
				CLANG_WARN_ENUM_CONVERSION = YES;
				CLANG_WARN_INFINITE_RECURSION = YES;
				CLANG_WARN_INT_CONVERSION = YES;
				CLANG_WARN_OBJC_ROOT_CLASS = YES_ERROR;
				CLANG_WARN_SUSPICIOUS_MOVE = YES;
				CLANG_WARN_UNREACHABLE_CODE = YES;
				CLANG_WARN__DUPLICATE_METHOD_MATCH = YES;
				"CODE_SIGN_IDENTITY[sdk=iphoneos*]" = "iPhone Developer";
				COPY_PHASE_STRIP = NO;
				DEBUG_INFORMATION_FORMAT = "dwarf-with-dsym";
				ENABLE_NS_ASSERTIONS = NO;
				ENABLE_STRICT_OBJC_MSGSEND = YES;
				GCC_C_LANGUAGE_STANDARD = gnu99;
				GCC_NO_COMMON_BLOCKS = YES;
				GCC_WARN_64_TO_32_BIT_CONVERSION = YES;
				GCC_WARN_ABOUT_RETURN_TYPE = YES_ERROR;
				GCC_WARN_UNDECLARED_SELECTOR = YES;
				GCC_WARN_UNINITIALIZED_AUTOS = YES_AGGRESSIVE;
				GCC_WARN_UNUSED_FUNCTION = YES;
				GCC_WARN_UNUSED_VARIABLE = YES;
				IPHONEOS_DEPLOYMENT_TARGET = 10.3;
				MTL_ENABLE_DEBUG_INFO = NO;
				SDKROOT = iphoneos;
				SWIFT_OPTIMIZATION_LEVEL = "-Owholemodule";
				TARGETED_DEVICE_FAMILY = "1,2";
				VALIDATE_PRODUCT = YES;
			};
			name = Release;
		};
		81EE12AC2023389C00659466 /* Debug */ = {
			isa = XCBuildConfiguration;
			buildSettings = {
				ASSETCATALOG_COMPILER_APPICON_NAME = AppIcon;
				CLANG_ENABLE_MODULES = YES;
				INFOPLIST_FILE = WaterCom/Info.plist;
				LD_RUNPATH_SEARCH_PATHS = "$(inherited) @executable_path/Frameworks";
				PRODUCT_BUNDLE_IDENTIFIER = Salil.WaterCom;
				PRODUCT_NAME = "$(TARGET_NAME)";
				SWIFT_OBJC_BRIDGING_HEADER = "WaterCom/WaterCom-Bridging-Header.h";
				SWIFT_OPTIMIZATION_LEVEL = "-Onone";
				SWIFT_VERSION = 3.0;
			};
			name = Debug;
		};
		81EE12AD2023389C00659466 /* Release */ = {
			isa = XCBuildConfiguration;
			buildSettings = {
				ASSETCATALOG_COMPILER_APPICON_NAME = AppIcon;
				CLANG_ENABLE_MODULES = YES;
				INFOPLIST_FILE = WaterCom/Info.plist;
				LD_RUNPATH_SEARCH_PATHS = "$(inherited) @executable_path/Frameworks";
				PRODUCT_BUNDLE_IDENTIFIER = Salil.WaterCom;
				PRODUCT_NAME = "$(TARGET_NAME)";
				SWIFT_OBJC_BRIDGING_HEADER = "WaterCom/WaterCom-Bridging-Header.h";
				SWIFT_VERSION = 3.0;
			};
			name = Release;
		};
		81EE12AF2023389C00659466 /* Debug */ = {
			isa = XCBuildConfiguration;
			buildSettings = {
				ALWAYS_EMBED_SWIFT_STANDARD_LIBRARIES = YES;
				BUNDLE_LOADER = "$(TEST_HOST)";
				INFOPLIST_FILE = WaterComTests/Info.plist;
				LD_RUNPATH_SEARCH_PATHS = "$(inherited) @executable_path/Frameworks @loader_path/Frameworks";
				PRODUCT_BUNDLE_IDENTIFIER = Salil.WaterComTests;
				PRODUCT_NAME = "$(TARGET_NAME)";
				SWIFT_VERSION = 3.0;
				TEST_HOST = "$(BUILT_PRODUCTS_DIR)/WaterCom.app/WaterCom";
			};
			name = Debug;
		};
		81EE12B02023389C00659466 /* Release */ = {
			isa = XCBuildConfiguration;
			buildSettings = {
				ALWAYS_EMBED_SWIFT_STANDARD_LIBRARIES = YES;
				BUNDLE_LOADER = "$(TEST_HOST)";
				INFOPLIST_FILE = WaterComTests/Info.plist;
				LD_RUNPATH_SEARCH_PATHS = "$(inherited) @executable_path/Frameworks @loader_path/Frameworks";
				PRODUCT_BUNDLE_IDENTIFIER = Salil.WaterComTests;
				PRODUCT_NAME = "$(TARGET_NAME)";
				SWIFT_VERSION = 3.0;
				TEST_HOST = "$(BUILT_PRODUCTS_DIR)/WaterCom.app/WaterCom";
			};
			name = Release;
		};
		81EE12B22023389C00659466 /* Debug */ = {
			isa = XCBuildConfiguration;
			buildSettings = {
				ALWAYS_EMBED_SWIFT_STANDARD_LIBRARIES = YES;
				INFOPLIST_FILE = WaterComUITests/Info.plist;
				LD_RUNPATH_SEARCH_PATHS = "$(inherited) @executable_path/Frameworks @loader_path/Frameworks";
				PRODUCT_BUNDLE_IDENTIFIER = Salil.WaterComUITests;
				PRODUCT_NAME = "$(TARGET_NAME)";
				SWIFT_VERSION = 3.0;
				TEST_TARGET_NAME = WaterCom;
			};
			name = Debug;
		};
		81EE12B32023389C00659466 /* Release */ = {
			isa = XCBuildConfiguration;
			buildSettings = {
				ALWAYS_EMBED_SWIFT_STANDARD_LIBRARIES = YES;
				INFOPLIST_FILE = WaterComUITests/Info.plist;
				LD_RUNPATH_SEARCH_PATHS = "$(inherited) @executable_path/Frameworks @loader_path/Frameworks";
				PRODUCT_BUNDLE_IDENTIFIER = Salil.WaterComUITests;
				PRODUCT_NAME = "$(TARGET_NAME)";
				SWIFT_VERSION = 3.0;
				TEST_TARGET_NAME = WaterCom;
			};
			name = Release;
		};
/* End XCBuildConfiguration section */

/* Begin XCConfigurationList section */
		81EE127E2023389C00659466 /* Build configuration list for PBXProject "WaterCom" */ = {
			isa = XCConfigurationList;
			buildConfigurations = (
				81EE12A92023389C00659466 /* Debug */,
				81EE12AA2023389C00659466 /* Release */,
			);
			defaultConfigurationIsVisible = 0;
			defaultConfigurationName = Release;
		};
		81EE12AB2023389C00659466 /* Build configuration list for PBXNativeTarget "WaterCom" */ = {
			isa = XCConfigurationList;
			buildConfigurations = (
				81EE12AC2023389C00659466 /* Debug */,
				81EE12AD2023389C00659466 /* Release */,
			);
			defaultConfigurationIsVisible = 0;
			defaultConfigurationName = Release;
		};
		81EE12AE2023389C00659466 /* Build configuration list for PBXNativeTarget "WaterComTests" */ = {
			isa = XCConfigurationList;
			buildConfigurations = (
				81EE12AF2023389C00659466 /* Debug */,
				81EE12B02023389C00659466 /* Release */,
			);
			defaultConfigurationIsVisible = 0;
			defaultConfigurationName = Release;
		};
		81EE12B12023389C00659466 /* Build configuration list for PBXNativeTarget "WaterComUITests" */ = {
			isa = XCConfigurationList;
			buildConfigurations = (
				81EE12B22023389C00659466 /* Debug */,
				81EE12B32023389C00659466 /* Release */,
			);
			defaultConfigurationIsVisible = 0;
			defaultConfigurationName = Release;
		};
/* End XCConfigurationList section */
	};
	rootObject = 81EE127B2023389C00659466 /* Project object */;
}
